// !$*UTF8*$!
{
	archiveVersion = 1;
	classes = {
	};
	objectVersion = 50;
	objects = {

/* Begin PBXBuildFile section */
		FC481DCD23884C7A006C6223 /* AppDelegate.swift in Sources */ = {isa = PBXBuildFile; fileRef = FC481DCC23884C7A006C6223 /* AppDelegate.swift */; };
		FC481DCF23884C7A006C6223 /* SceneDelegate.swift in Sources */ = {isa = PBXBuildFile; fileRef = FC481DCE23884C7A006C6223 /* SceneDelegate.swift */; };
		FC481DD123884C7A006C6223 /* ContentView.swift in Sources */ = {isa = PBXBuildFile; fileRef = FC481DD023884C7A006C6223 /* ContentView.swift */; };
		FC481DD323884C7E006C6223 /* Assets.xcassets in Resources */ = {isa = PBXBuildFile; fileRef = FC481DD223884C7E006C6223 /* Assets.xcassets */; };
		FC481DD623884C7E006C6223 /* Preview Assets.xcassets in Resources */ = {isa = PBXBuildFile; fileRef = FC481DD523884C7E006C6223 /* Preview Assets.xcassets */; };
		FC481DD923884C7E006C6223 /* LaunchScreen.storyboard in Resources */ = {isa = PBXBuildFile; fileRef = FC481DD723884C7E006C6223 /* LaunchScreen.storyboard */; };
		FC481DE123884CC6006C6223 /* FriendsFace.json in Resources */ = {isa = PBXBuildFile; fileRef = FC481DE023884CC6006C6223 /* FriendsFace.json */; };
		FCAD325F23885E530048E69F /* UserDetailView.swift in Sources */ = {isa = PBXBuildFile; fileRef = FCAD325E23885E530048E69F /* UserDetailView.swift */; };
/* End PBXBuildFile section */

/* Begin PBXFileReference section */
		FC481DC923884C7A006C6223 /* FriendsFace.app */ = {isa = PBXFileReference; explicitFileType = wrapper.application; includeInIndex = 0; path = FriendsFace.app; sourceTree = BUILT_PRODUCTS_DIR; };
		FC481DCC23884C7A006C6223 /* AppDelegate.swift */ = {isa = PBXFileReference; lastKnownFileType = sourcecode.swift; path = AppDelegate.swift; sourceTree = "<group>"; };
		FC481DCE23884C7A006C6223 /* SceneDelegate.swift */ = {isa = PBXFileReference; lastKnownFileType = sourcecode.swift; path = SceneDelegate.swift; sourceTree = "<group>"; };
		FC481DD023884C7A006C6223 /* ContentView.swift */ = {isa = PBXFileReference; lastKnownFileType = sourcecode.swift; path = ContentView.swift; sourceTree = "<group>"; };
		FC481DD223884C7E006C6223 /* Assets.xcassets */ = {isa = PBXFileReference; lastKnownFileType = folder.assetcatalog; path = Assets.xcassets; sourceTree = "<group>"; };
		FC481DD523884C7E006C6223 /* Preview Assets.xcassets */ = {isa = PBXFileReference; lastKnownFileType = folder.assetcatalog; path = "Preview Assets.xcassets"; sourceTree = "<group>"; };
		FC481DD823884C7E006C6223 /* Base */ = {isa = PBXFileReference; lastKnownFileType = file.storyboard; name = Base; path = Base.lproj/LaunchScreen.storyboard; sourceTree = "<group>"; };
		FC481DDA23884C7E006C6223 /* Info.plist */ = {isa = PBXFileReference; lastKnownFileType = text.plist.xml; path = Info.plist; sourceTree = "<group>"; };
		FC481DE023884CC6006C6223 /* FriendsFace.json */ = {isa = PBXFileReference; lastKnownFileType = text.json; path = FriendsFace.json; sourceTree = "<group>"; };
		FCAD325E23885E530048E69F /* UserDetailView.swift */ = {isa = PBXFileReference; lastKnownFileType = sourcecode.swift; path = UserDetailView.swift; sourceTree = "<group>"; };
/* End PBXFileReference section */

/* Begin PBXFrameworksBuildPhase section */
		FC481DC623884C7A006C6223 /* Frameworks */ = {
			isa = PBXFrameworksBuildPhase;
			buildActionMask = 2147483647;
			files = (
			);
			runOnlyForDeploymentPostprocessing = 0;
		};
/* End PBXFrameworksBuildPhase section */

/* Begin PBXGroup section */
		FC481DC023884C7A006C6223 = {
			isa = PBXGroup;
			children = (
				FC481DCB23884C7A006C6223 /* FriendsFace */,
				FC481DCA23884C7A006C6223 /* Products */,
			);
			sourceTree = "<group>";
		};
		FC481DCA23884C7A006C6223 /* Products */ = {
			isa = PBXGroup;
			children = (
				FC481DC923884C7A006C6223 /* FriendsFace.app */,
			);
			name = Products;
			sourceTree = "<group>";
		};
		FC481DCB23884C7A006C6223 /* FriendsFace */ = {
			isa = PBXGroup;
			children = (
				FC481DCC23884C7A006C6223 /* AppDelegate.swift */,
				FC481DE023884CC6006C6223 /* FriendsFace.json */,
				FC481DCE23884C7A006C6223 /* SceneDelegate.swift */,
				FC481DD023884C7A006C6223 /* ContentView.swift */,
				FCAD325E23885E530048E69F /* UserDetailView.swift */,
				FC481DD223884C7E006C6223 /* Assets.xcassets */,
				FC481DD723884C7E006C6223 /* LaunchScreen.storyboard */,
				FC481DDA23884C7E006C6223 /* Info.plist */,
				FC481DD423884C7E006C6223 /* Preview Content */,
			);
			path = FriendsFace;
			sourceTree = "<group>";
		};
		FC481DD423884C7E006C6223 /* Preview Content */ = {
			isa = PBXGroup;
			children = (
				FC481DD523884C7E006C6223 /* Preview Assets.xcassets */,
			);
			path = "Preview Content";
			sourceTree = "<group>";
		};
/* End PBXGroup section */

/* Begin PBXNativeTarget section */
		FC481DC823884C7A006C6223 /* FriendsFace */ = {
			isa = PBXNativeTarget;
			buildConfigurationList = FC481DDD23884C7E006C6223 /* Build configuration list for PBXNativeTarget "FriendsFace" */;
			buildPhases = (
				FC481DC523884C7A006C6223 /* Sources */,
				FC481DC623884C7A006C6223 /* Frameworks */,
				FC481DC723884C7A006C6223 /* Resources */,
			);
			buildRules = (
			);
			dependencies = (
			);
			name = FriendsFace;
			productName = FriendsFace;
			productReference = FC481DC923884C7A006C6223 /* FriendsFace.app */;
			productType = "com.apple.product-type.application";
		};
/* End PBXNativeTarget section */

/* Begin PBXProject section */
		FC481DC123884C7A006C6223 /* Project object */ = {
			isa = PBXProject;
			attributes = {
				LastSwiftUpdateCheck = 1120;
				LastUpgradeCheck = 1120;
				ORGANIZATIONNAME = "Luc Derosne";
				TargetAttributes = {
					FC481DC823884C7A006C6223 = {
						CreatedOnToolsVersion = 11.2.1;
					};
				};
			};
			buildConfigurationList = FC481DC423884C7A006C6223 /* Build configuration list for PBXProject "FriendsFace" */;
			compatibilityVersion = "Xcode 9.3";
			developmentRegion = en;
			hasScannedForEncodings = 0;
			knownRegions = (
				en,
				Base,
			);
			mainGroup = FC481DC023884C7A006C6223;
			productRefGroup = FC481DCA23884C7A006C6223 /* Products */;
			projectDirPath = "";
			projectRoot = "";
			targets = (
				FC481DC823884C7A006C6223 /* FriendsFace */,
			);
		};
/* End PBXProject section */

/* Begin PBXResourcesBuildPhase section */
		FC481DC723884C7A006C6223 /* Resources */ = {
			isa = PBXResourcesBuildPhase;
			buildActionMask = 2147483647;
			files = (
				FC481DD923884C7E006C6223 /* LaunchScreen.storyboard in Resources */,
				FC481DD623884C7E006C6223 /* Preview Assets.xcassets in Resources */,
				FC481DE123884CC6006C6223 /* FriendsFace.json in Resources */,
				FC481DD323884C7E006C6223 /* Assets.xcassets in Resources */,
			);
			runOnlyForDeploymentPostprocessing = 0;
		};
/* End PBXResourcesBuildPhase section */

/* Begin PBXSourcesBuildPhase section */
		FC481DC523884C7A006C6223 /* Sources */ = {
			isa = PBXSourcesBuildPhase;
			buildActionMask = 2147483647;
			files = (
				FCAD325F23885E530048E69F /* UserDetailView.swift in Sources */,
				FC481DCD23884C7A006C6223 /* AppDelegate.swift in Sources */,
				FC481DCF23884C7A006C6223 /* SceneDelegate.swift in Sources */,
				FC481DD123884C7A006C6223 /* ContentView.swift in Sources */,
			);
			runOnlyForDeploymentPostprocessing = 0;
		};
/* End PBXSourcesBuildPhase section */

/* Begin PBXVariantGroup section */
		FC481DD723884C7E006C6223 /* LaunchScreen.storyboard */ = {
			isa = PBXVariantGroup;
			children = (
				FC481DD823884C7E006C6223 /* Base */,
			);
			name = LaunchScreen.storyboard;
			sourceTree = "<group>";
		};
/* End PBXVariantGroup section */

/* Begin XCBuildConfiguration section */
		FC481DDB23884C7E006C6223 /* Debug */ = {
			isa = XCBuildConfiguration;
			buildSettings = {
				ALWAYS_SEARCH_USER_PATHS = NO;
				CLANG_ANALYZER_NONNULL = YES;
				CLANG_ANALYZER_NUMBER_OBJECT_CONVERSION = YES_AGGRESSIVE;
				CLANG_CXX_LANGUAGE_STANDARD = "gnu++14";
				CLANG_CXX_LIBRARY = "libc++";
				CLANG_ENABLE_MODULES = YES;
				CLANG_ENABLE_OBJC_ARC = YES;
				CLANG_ENABLE_OBJC_WEAK = YES;
				CLANG_WARN_BLOCK_CAPTURE_AUTORELEASING = YES;
				CLANG_WARN_BOOL_CONVERSION = YES;
				CLANG_WARN_COMMA = YES;
				CLANG_WARN_CONSTANT_CONVERSION = YES;
				CLANG_WARN_DEPRECATED_OBJC_IMPLEMENTATIONS = YES;
				CLANG_WARN_DIRECT_OBJC_ISA_USAGE = YES_ERROR;
				CLANG_WARN_DOCUMENTATION_COMMENTS = YES;
				CLANG_WARN_EMPTY_BODY = YES;
				CLANG_WARN_ENUM_CONVERSION = YES;
				CLANG_WARN_INFINITE_RECURSION = YES;
				CLANG_WARN_INT_CONVERSION = YES;
				CLANG_WARN_NON_LITERAL_NULL_CONVERSION = YES;
				CLANG_WARN_OBJC_IMPLICIT_RETAIN_SELF = YES;
				CLANG_WARN_OBJC_LITERAL_CONVERSION = YES;
				CLANG_WARN_OBJC_ROOT_CLASS = YES_ERROR;
				CLANG_WARN_RANGE_LOOP_ANALYSIS = YES;
				CLANG_WARN_STRICT_PROTOTYPES = YES;
				CLANG_WARN_SUSPICIOUS_MOVE = YES;
				CLANG_WARN_UNGUARDED_AVAILABILITY = YES_AGGRESSIVE;
				CLANG_WARN_UNREACHABLE_CODE = YES;
				CLANG_WARN__DUPLICATE_METHOD_MATCH = YES;
				COPY_PHASE_STRIP = NO;
				DEBUG_INFORMATION_FORMAT = dwarf;
				ENABLE_STRICT_OBJC_MSGSEND = YES;
				ENABLE_TESTABILITY = YES;
				GCC_C_LANGUAGE_STANDARD = gnu11;
				GCC_DYNAMIC_NO_PIC = NO;
				GCC_NO_COMMON_BLOCKS = YES;
				GCC_OPTIMIZATION_LEVEL = 0;
				GCC_PREPROCESSOR_DEFINITIONS = (
					"DEBUG=1",
					"$(inherited)",
				);
				GCC_WARN_64_TO_32_BIT_CONVERSION = YES;
				GCC_WARN_ABOUT_RETURN_TYPE = YES_ERROR;
				GCC_WARN_UNDECLARED_SELECTOR = YES;
				GCC_WARN_UNINITIALIZED_AUTOS = YES_AGGRESSIVE;
				GCC_WARN_UNUSED_FUNCTION = YES;
				GCC_WARN_UNUSED_VARIABLE = YES;
				IPHONEOS_DEPLOYMENT_TARGET = 13.2;
				MTL_ENABLE_DEBUG_INFO = INCLUDE_SOURCE;
				MTL_FAST_MATH = YES;
				ONLY_ACTIVE_ARCH = YES;
				SDKROOT = iphoneos;
				SWIFT_ACTIVE_COMPILATION_CONDITIONS = DEBUG;
				SWIFT_OPTIMIZATION_LEVEL = "-Onone";
			};
			name = Debug;
		};
		FC481DDC23884C7E006C6223 /* Release */ = {
			isa = XCBuildConfiguration;
			buildSettings = {
				ALWAYS_SEARCH_USER_PATHS = NO;
				CLANG_ANALYZER_NONNULL = YES;
				CLANG_ANALYZER_NUMBER_OBJECT_CONVERSION = YES_AGGRESSIVE;
				CLANG_CXX_LANGUAGE_STANDARD = "gnu++14";
				CLANG_CXX_LIBRARY = "libc++";
				CLANG_ENABLE_MODULES = YES;
				CLANG_ENABLE_OBJC_ARC = YES;
				CLANG_ENABLE_OBJC_WEAK = YES;
				CLANG_WARN_BLOCK_CAPTURE_AUTORELEASING = YES;
				CLANG_WARN_BOOL_CONVERSION = YES;
				CLANG_WARN_COMMA = YES;
				CLANG_WARN_CONSTANT_CONVERSION = YES;
				CLANG_WARN_DEPRECATED_OBJC_IMPLEMENTATIONS = YES;
				CLANG_WARN_DIRECT_OBJC_ISA_USAGE = YES_ERROR;
				CLANG_WARN_DOCUMENTATION_COMMENTS = YES;
				CLANG_WARN_EMPTY_BODY = YES;
				CLANG_WARN_ENUM_CONVERSION = YES;
				CLANG_WARN_INFINITE_RECURSION = YES;
				CLANG_WARN_INT_CONVERSION = YES;
				CLANG_WARN_NON_LITERAL_NULL_CONVERSION = YES;
				CLANG_WARN_OBJC_IMPLICIT_RETAIN_SELF = YES;
				CLANG_WARN_OBJC_LITERAL_CONVERSION = YES;
				CLANG_WARN_OBJC_ROOT_CLASS = YES_ERROR;
				CLANG_WARN_RANGE_LOOP_ANALYSIS = YES;
				CLANG_WARN_STRICT_PROTOTYPES = YES;
				CLANG_WARN_SUSPICIOUS_MOVE = YES;
				CLANG_WARN_UNGUARDED_AVAILABILITY = YES_AGGRESSIVE;
				CLANG_WARN_UNREACHABLE_CODE = YES;
				CLANG_WARN__DUPLICATE_METHOD_MATCH = YES;
				COPY_PHASE_STRIP = NO;
				DEBUG_INFORMATION_FORMAT = "dwarf-with-dsym";
				ENABLE_NS_ASSERTIONS = NO;
				ENABLE_STRICT_OBJC_MSGSEND = YES;
				GCC_C_LANGUAGE_STANDARD = gnu11;
				GCC_NO_COMMON_BLOCKS = YES;
				GCC_WARN_64_TO_32_BIT_CONVERSION = YES;
				GCC_WARN_ABOUT_RETURN_TYPE = YES_ERROR;
				GCC_WARN_UNDECLARED_SELECTOR = YES;
				GCC_WARN_UNINITIALIZED_AUTOS = YES_AGGRESSIVE;
				GCC_WARN_UNUSED_FUNCTION = YES;
				GCC_WARN_UNUSED_VARIABLE = YES;
				IPHONEOS_DEPLOYMENT_TARGET = 13.2;
				MTL_ENABLE_DEBUG_INFO = NO;
				MTL_FAST_MATH = YES;
				SDKROOT = iphoneos;
				SWIFT_COMPILATION_MODE = wholemodule;
				SWIFT_OPTIMIZATION_LEVEL = "-O";
				VALIDATE_PRODUCT = YES;
			};
			name = Release;
		};
		FC481DDE23884C7E006C6223 /* Debug */ = {
			isa = XCBuildConfiguration;
			buildSettings = {
				ASSETCATALOG_COMPILER_APPICON_NAME = AppIcon;
				CODE_SIGN_STYLE = Automatic;
				DEVELOPMENT_ASSET_PATHS = "\"FriendsFace/Preview Content\"";
				DEVELOPMENT_TEAM = Y7TNCJPS5N;
				ENABLE_PREVIEWS = YES;
				INFOPLIST_FILE = FriendsFace/Info.plist;
				LD_RUNPATH_SEARCH_PATHS = (
					"$(inherited)",
					"@executable_path/Frameworks",
				);
				PRODUCT_BUNDLE_IDENTIFIER = com.ac10qt.FriendsFace;
				PRODUCT_NAME = "$(TARGET_NAME)";
				SWIFT_VERSION = 5.0;
				TARGETED_DEVICE_FAMILY = "1,2";
			};
			name = Debug;
		};
		FC481DDF23884C7E006C6223 /* Release */ = {
			isa = XCBuildConfiguration;
			buildSettings = {
				ASSETCATALOG_COMPILER_APPICON_NAME = AppIcon;
				CODE_SIGN_STYLE = Automatic;
				DEVELOPMENT_ASSET_PATHS = "\"FriendsFace/Preview Content\"";
				DEVELOPMENT_TEAM = Y7TNCJPS5N;
				ENABLE_PREVIEWS = YES;
				INFOPLIST_FILE = FriendsFace/Info.plist;
				LD_RUNPATH_SEARCH_PATHS = (
					"$(inherited)",
					"@executable_path/Frameworks",
				);
				PRODUCT_BUNDLE_IDENTIFIER = com.ac10qt.FriendsFace;
				PRODUCT_NAME = "$(TARGET_NAME)";
				SWIFT_VERSION = 5.0;
				TARGETED_DEVICE_FAMILY = "1,2";
			};
			name = Release;
		};
/* End XCBuildConfiguration section */

/* Begin XCConfigurationList section */
		FC481DC423884C7A006C6223 /* Build configuration list for PBXProject "FriendsFace" */ = {
			isa = XCConfigurationList;
			buildConfigurations = (
				FC481DDB23884C7E006C6223 /* Debug */,
				FC481DDC23884C7E006C6223 /* Release */,
			);
			defaultConfigurationIsVisible = 0;
			defaultConfigurationName = Release;
		};
		FC481DDD23884C7E006C6223 /* Build configuration list for PBXNativeTarget "FriendsFace" */ = {
			isa = XCConfigurationList;
			buildConfigurations = (
				FC481DDE23884C7E006C6223 /* Debug */,
				FC481DDF23884C7E006C6223 /* Release */,
			);
			defaultConfigurationIsVisible = 0;
			defaultConfigurationName = Release;
		};
/* End XCConfigurationList section */
	};
	rootObject = FC481DC123884C7A006C6223 /* Project object */;
}
